
Microsoft Visual Studio Solution File, Format Version 12.00
# Visual Studio Version 17
VisualStudioVersion = 17.4.32804.182
MinimumVisualStudioVersion = 10.0.40219.1
Project("{9A19103F-16F7-4668-BE54-9A1E7A4F7556}") = "FhirLoader.Common", "src\FhirLoader.Common\FhirLoader.Common.csproj", "{62C95C8A-6F43-4A1E-BE9C-159CDD6776B2}"
EndProject
Project("{9A19103F-16F7-4668-BE54-9A1E7A4F7556}") = "FhirLoader.BulkFunction", "src\FhirLoader.BulkFunction\FhirLoader.BulkFunction.csproj", "{4359B7A4-3A18-43E3-ACB3-2774F2EEFF06}"
EndProject
Project("{9A19103F-16F7-4668-BE54-9A1E7A4F7556}") = "FhirLoader.Tool", "src\FhirLoader.Tool\FhirLoader.Tool.csproj", "{838B9439-81FB-4601-8B26-AD649995BEF1}"
EndProject
Project("{2150E333-8FDC-42A3-9474-1A3956D46DE8}") = "test", "test", "{8D01CD5A-1541-4124-8B37-D104F79FBDB4}"
EndProject
Project("{2150E333-8FDC-42A3-9474-1A3956D46DE8}") = "src", "src", "{3F2DB00C-7EE4-42AE-99DB-BDCC3535D90F}"
EndProject
Project("{9A19103F-16F7-4668-BE54-9A1E7A4F7556}") = "FHIRLoader.Tool.Tests.E2E", "test\FhirLoader.Tests.E2E\FHIRLoader.Tool.Tests.E2E.csproj", "{ED33573A-A15A-4FB6-8289-614221759D5F}"
EndProject
Global
	GlobalSection(SolutionConfigurationPlatforms) = preSolution
		Debug|Any CPU = Debug|Any CPU
		Release|Any CPU = Release|Any CPU
	EndGlobalSection
	GlobalSection(ProjectConfigurationPlatforms) = postSolution
		{62C95C8A-6F43-4A1E-BE9C-159CDD6776B2}.Debug|Any CPU.ActiveCfg = Debug|Any CPU
		{62C95C8A-6F43-4A1E-BE9C-159CDD6776B2}.Debug|Any CPU.Build.0 = Debug|Any CPU
		{62C95C8A-6F43-4A1E-BE9C-159CDD6776B2}.Release|Any CPU.ActiveCfg = Release|Any CPU
		{62C95C8A-6F43-4A1E-BE9C-159CDD6776B2}.Release|Any CPU.Build.0 = Release|Any CPU
		{4359B7A4-3A18-43E3-ACB3-2774F2EEFF06}.Debug|Any CPU.ActiveCfg = Debug|Any CPU
		{4359B7A4-3A18-43E3-ACB3-2774F2EEFF06}.Debug|Any CPU.Build.0 = Debug|Any CPU
		{4359B7A4-3A18-43E3-ACB3-2774F2EEFF06}.Release|Any CPU.ActiveCfg = Release|Any CPU
		{4359B7A4-3A18-43E3-ACB3-2774F2EEFF06}.Release|Any CPU.Build.0 = Release|Any CPU
		{838B9439-81FB-4601-8B26-AD649995BEF1}.Debug|Any CPU.ActiveCfg = Debug|Any CPU
		{838B9439-81FB-4601-8B26-AD649995BEF1}.Debug|Any CPU.Build.0 = Debug|Any CPU
		{838B9439-81FB-4601-8B26-AD649995BEF1}.Release|Any CPU.ActiveCfg = Release|Any CPU
		{838B9439-81FB-4601-8B26-AD649995BEF1}.Release|Any CPU.Build.0 = Release|Any CPU
		{ED33573A-A15A-4FB6-8289-614221759D5F}.Debug|Any CPU.ActiveCfg = Debug|Any CPU
		{ED33573A-A15A-4FB6-8289-614221759D5F}.Debug|Any CPU.Build.0 = Debug|Any CPU
		{ED33573A-A15A-4FB6-8289-614221759D5F}.Release|Any CPU.ActiveCfg = Release|Any CPU
		{ED33573A-A15A-4FB6-8289-614221759D5F}.Release|Any CPU.Build.0 = Release|Any CPU
	EndGlobalSection
	GlobalSection(SolutionProperties) = preSolution
		HideSolutionNode = FALSE
	EndGlobalSection
	GlobalSection(NestedProjects) = preSolution
		{62C95C8A-6F43-4A1E-BE9C-159CDD6776B2} = {3F2DB00C-7EE4-42AE-99DB-BDCC3535D90F}
		{4359B7A4-3A18-43E3-ACB3-2774F2EEFF06} = {3F2DB00C-7EE4-42AE-99DB-BDCC3535D90F}
		{838B9439-81FB-4601-8B26-AD649995BEF1} = {3F2DB00C-7EE4-42AE-99DB-BDCC3535D90F}
		{ED33573A-A15A-4FB6-8289-614221759D5F} = {8D01CD5A-1541-4124-8B37-D104F79FBDB4}
	EndGlobalSection
	GlobalSection(ExtensibilityGlobals) = postSolution
		SolutionGuid = {1E9CB3F6-9678-47C8-A09B-4B266E6A25FE}
	EndGlobalSection
EndGlobal
