
Microsoft Visual Studio Solution File, Format Version 12.00
# Visual Studio Version 16
VisualStudioVersion = 16.0.30804.86
MinimumVisualStudioVersion = 10.0.40219.1
Project("{9A19103F-16F7-4668-BE54-9A1E7A4F7556}") = "FHIRBulkImport", "FHIRBulkImport\FHIRBulkImport.csproj", "{4359B7A4-3A18-43E3-ACB3-2774F2EEFF06}"
EndProject
Global
	GlobalSection(SolutionConfigurationPlatforms) = preSolution
		Debug|Any CPU = Debug|Any CPU
		Release|Any CPU = Release|Any CPU
	EndGlobalSection
	GlobalSection(ProjectConfigurationPlatforms) = postSolution
		{4359B7A4-3A18-43E3-ACB3-2774F2EEFF06}.Debug|Any CPU.ActiveCfg = Debug|Any CPU
		{4359B7A4-3A18-43E3-ACB3-2774F2EEFF06}.Debug|Any CPU.Build.0 = Debug|Any CPU
		{4359B7A4-3A18-43E3-ACB3-2774F2EEFF06}.Release|Any CPU.ActiveCfg = Release|Any CPU
		{4359B7A4-3A18-43E3-ACB3-2774F2EEFF06}.Release|Any CPU.Build.0 = Release|Any CPU
	EndGlobalSection
	GlobalSection(SolutionProperties) = preSolution
		HideSolutionNode = FALSE
	EndGlobalSection
	GlobalSection(ExtensibilityGlobals) = postSolution
		SolutionGuid = {1E9CB3F6-9678-47C8-A09B-4B266E6A25FE}
	EndGlobalSection
EndGlobal
